
Microsoft Visual Studio Solution File, Format Version 12.00
# Visual Studio Version 16
VisualStudioVersion = 16.0.31605.320
MinimumVisualStudioVersion = 10.0.40219.1
Project("{FAE04EC0-301F-11D3-BF4B-00C04F79EFBC}") = "C-Sharp", "C-Sharp\C-Sharp.csproj", "{86C3963C-F993-4953-BDCA-953989F18ED9}"
EndProject
Global
	GlobalSection(SolutionConfigurationPlatforms) = preSolution
		Debug|Any CPU = Debug|Any CPU
		Release|Any CPU = Release|Any CPU
	EndGlobalSection
	GlobalSection(ProjectConfigurationPlatforms) = postSolution
		{86C3963C-F993-4953-BDCA-953989F18ED9}.Debug|Any CPU.ActiveCfg = Debug|Any CPU
		{86C3963C-F993-4953-BDCA-953989F18ED9}.Debug|Any CPU.Build.0 = Debug|Any CPU
		{86C3963C-F993-4953-BDCA-953989F18ED9}.Release|Any CPU.ActiveCfg = Release|Any CPU
		{86C3963C-F993-4953-BDCA-953989F18ED9}.Release|Any CPU.Build.0 = Release|Any CPU
	EndGlobalSection
	GlobalSection(SolutionProperties) = preSolution
		HideSolutionNode = FALSE
	EndGlobalSection
	GlobalSection(ExtensibilityGlobals) = postSolution
		SolutionGuid = {0B02F8DB-B413-4238-97D7-46053E779AE4}
	EndGlobalSection
EndGlobal
